{
    "_readme": [
        "This file locks the dependencies of your project to a known state",
        "Read more about it at https://getcomposer.org/doc/01-basic-usage.md#installing-dependencies",
        "This file is @generated automatically"
    ],
    "content-hash": "ca5296707a4d1c047b3f7fd7f60d58c7",
    "packages": [
        {
            "name": "hhvm/hhvm-autoload",
            "version": "v3.1.1",
            "source": {
                "type": "git",
                "url": "https://github.com/hhvm/hhvm-autoload.git",
                "reference": "959faf03dc8a6ef9101668faece1c50f6fafd867"
            },
            "dist": {
                "type": "zip",
                "url": "https://api.github.com/repos/hhvm/hhvm-autoload/zipball/959faf03dc8a6ef9101668faece1c50f6fafd867",
                "reference": "959faf03dc8a6ef9101668faece1c50f6fafd867",
                "shasum": ""
            },
            "require": {
                "composer-plugin-api": "^1.0",
                "hhvm": "^4.25",
                "hhvm/hsl": "^4.0"
            },
            "replace": {
                "facebook/hhvm-autoload": "1.*"
            },
            "require-dev": {
                "facebook/fbexpect": "^2.1",
                "hhvm/hacktest": "^2.0"
            },
            "bin": [
                "bin/hh-autoload",
                "bin/hh-autoload.hack"
            ],
            "type": "composer-plugin",
            "extra": {
                "class": [
                    "Facebook\\AutoloadMap\\ComposerPlugin"
                ],
                "branch-alias": {
                    "dev-master": "2.x-dev"
                }
            },
            "autoload": {
                "classmap": [
                    "ComposerPlugin.php"
                ]
            },
            "notification-url": "https://packagist.org/downloads/",
            "time": "2020-05-20T16:38:40+00:00"
        },
        {
            "name": "hhvm/hsl",
            "version": "v4.41.0",
            "source": {
                "type": "git",
                "url": "https://github.com/hhvm/hsl.git",
                "reference": "80a42c02f036f72a42f0415e80d6b847f4bf62d5"
            },
            "dist": {
                "type": "zip",
                "url": "https://api.github.com/repos/hhvm/hsl/zipball/80a42c02f036f72a42f0415e80d6b847f4bf62d5",
                "reference": "80a42c02f036f72a42f0415e80d6b847f4bf62d5",
                "shasum": ""
            },
            "require": {
                "hhvm": "^4.41"
            },
            "require-dev": {
                "facebook/fbexpect": "^2.5.1",
                "hhvm/hacktest": "^1.0|^2.0",
                "hhvm/hhvm-autoload": "^2.0|^3.0",
                "hhvm/hsl-experimental": "^4.37|dev-master"
            },
            "type": "library",
            "extra": {
                "branch-alias": {
                    "dev-master": "4.x-dev"
                }
            },
            "notification-url": "https://packagist.org/downloads/",
            "license": [
                "MIT"
            ],
            "description": "The Hack Standard Library",
            "time": "2020-05-01T23:05:23+00:00"
        }
    ],
    "packages-dev": [],
    "aliases": [],
    "minimum-stability": "stable",
    "stability-flags": [],
    "prefer-stable": false,
    "prefer-lowest": false,
    "platform": [],
    "platform-dev": [],
    "plugin-api-version": "1.1.0"
}
